
Microsoft Visual Studio Solution File, Format Version 12.00
# Visual Studio Version 16
VisualStudioVersion = 16.0.29503.13
MinimumVisualStudioVersion = 10.0.40219.1
Project("{FAE04EC0-301F-11D3-BF4B-00C04F79EFBC}") = "arr2d", "arr2d\arr2d.csproj", "{51B925B3-3656-4C2D-8CCE-256EF51E0329}"
EndProject
Global
	GlobalSection(SolutionConfigurationPlatforms) = preSolution
		Debug|Any CPU = Debug|Any CPU
		Release|Any CPU = Release|Any CPU
	EndGlobalSection
	GlobalSection(ProjectConfigurationPlatforms) = postSolution
		{51B925B3-3656-4C2D-8CCE-256EF51E0329}.Debug|Any CPU.ActiveCfg = Debug|Any CPU
		{51B925B3-3656-4C2D-8CCE-256EF51E0329}.Debug|Any CPU.Build.0 = Debug|Any CPU
		{51B925B3-3656-4C2D-8CCE-256EF51E0329}.Release|Any CPU.ActiveCfg = Release|Any CPU
		{51B925B3-3656-4C2D-8CCE-256EF51E0329}.Release|Any CPU.Build.0 = Release|Any CPU
	EndGlobalSection
	GlobalSection(SolutionProperties) = preSolution
		HideSolutionNode = FALSE
	EndGlobalSection
	GlobalSection(ExtensibilityGlobals) = postSolution
		SolutionGuid = {D902C0EA-70F2-40E2-9524-4EE731FED0C2}
	EndGlobalSection
EndGlobal
